lockfileVersion: '9.0'

settings:
  autoInstallPeers: true
  excludeLinksFromLockfile: false

importers:

  .:
    dependencies:
      '@supabase/supabase-js':
        specifier: ^2.53.0
        version: 2.111.0
      rrule:
        specifier: ^2.8.1
        version: 2.8.1
      web-push:
        specifier: ^3.6.7
        version: 3.6.7
      zod:
        specifier: ^3.25.76
        version: 3.25.76
    devDependencies:
      '@tauri-apps/cli':
        specifier: ^2.11.0
        version: 2.11.4

packages:

  '@supabase/auth-js@2.111.0':
    resolution: {integrity: sha512-hbRLgyQZEX0SDyF4LYXpv94qOIQyFATfpT5SIs2V0SisHnisVRkYgiPQWzv80l4S2mO3qof78rmoH9j5zoFsYQ==}
    engines: {node: '>=22.0.0'}

  '@supabase/functions-js@2.111.0':
    resolution: {integrity: sha512-RW/OCsd6MO592zU8ifzP8/f8XzxxIdpb+Up5XaOtE26Fw+3zTp475WX7+GuuktiD1WF8pFUDe6khUPbMp77RCw==}
    engines: {node: '>=22.0.0'}

  '@supabase/phoenix@0.4.5':
    resolution: {integrity: sha512-aAn9H9ovVyeApKy11OWOrrOGq8DV68yWeH4ud2lN9fzn4aO8Zb5GLL9m1pUg9nLqIcT+ZDfAcsZe0E/nqdv2lw==}

  '@supabase/postgrest-js@2.111.0':
    resolution: {integrity: sha512-pcqeDsnWP0lx9GawduYxNZJHeuTm53O7L0SC8RF8tniV3GWIPY6me6OTdnwzdwNUmNy1dzUVtSyIfE6+OflzPQ==}
    engines: {node: '>=22.0.0'}

  '@supabase/realtime-js@2.111.0':
    resolution: {integrity: sha512-6oRf/vZyRwg8f8GbFSJkrD2w4HAu/yTvyMViHXHS+H5hNJzdXCrUR7cP5oW7daT3YlRnzRPY9LcGSJKZAmfMSg==}
    engines: {node: '>=22.0.0'}

  '@supabase/storage-js@2.111.0':
    resolution: {integrity: sha512-UEViNmTzVOxE8dqUA81wls+n9xgmlvSFfhfwo6QxrO4kQOytCYyw3ciYFoi4XoD4Jl95NJ3jnndHN5iIudWzqw==}
    engines: {node: '>=22.0.0'}

  '@supabase/supabase-js@2.111.0':
    resolution: {integrity: sha512-9q0/AULthQnWeiDh1vGyjoJZbSY04bu6qHcWit70pqEYn5Kv/dkCPY62Ja1123jEnJbB9Vd2pjY7Kvk/lK3peA==}
    engines: {node: '>=22.0.0'}

  '@tauri-apps/cli-darwin-arm64@2.11.4':
    resolution: {integrity: sha512-1ryOF3ZhpZ/nemHV5zVwBQBz9jDGKmKPvWPADOhc83ig0P4bMc2iER4NbC6r9sjeIZ6RVQ4g3RZIYvezhcl4TQ==}
    engines: {node: '>= 10'}
    cpu: [arm64]
    os: [darwin]

  '@tauri-apps/cli-darwin-x64@2.11.4':
    resolution: {integrity: sha512-uFsGQAAfuyz1k/yGLmkWfkBlgKAqZfxqlHmLWx81QU27RJWfmbNHCIq8T8w1e+VClleIuZUjpHWfoE4E3DLo3A==}
    engines: {node: '>= 10'}
    cpu: [x64]
    os: [darwin]

  '@tauri-apps/cli-linux-arm-gnueabihf@2.11.4':
    resolution: {integrity: sha512-IaHZn5CdBL21oUmjiVOS1ctw6Ip1O0pjp70FwOWmYz1myWe0SY96ZIj2FYf7pT0m8bI2h/hrs5ZbEXXh44/MkQ==}
    engines: {node: '>= 10'}
    cpu: [arm]
    os: [linux]

  '@tauri-apps/cli-linux-arm64-gnu@2.11.4':
    resolution: {integrity: sha512-N41/ukTRVe6XSuUTESuFdGeOW2i7k62tK+6gHK5Kd5/q5RPvvi19GaWAVPPb9u95HSGmTChSolBfzynUsssFaA==}
    engines: {node: '>= 10'}
    cpu: [arm64]
    os: [linux]
    libc: [glibc]

  '@tauri-apps/cli-linux-arm64-musl@2.11.4':
    resolution: {integrity: sha512-v277UnT/fB64xAfSroL5N3Km3tLmvATWqJJw/wRI+g6o+HkeD0slyE7gOhNs1MbjE41R7bQOTxMVoL3aomUJmw==}
    engines: {node: '>= 10'}
    cpu: [arm64]
    os: [linux]
    libc: [musl]

  '@tauri-apps/cli-linux-riscv64-gnu@2.11.4':
    resolution: {integrity: sha512-qqgNkQ2u1yZHxjhxsZaxUtRDW8dIqIYm33rx/mzwQv0SfY9x1B+iraj8vWeFiXjjSVVhEMepXSOts1TqPzvXNQ==}
    engines: {node: '>= 10'}
    cpu: [riscv64]
    os: [linux]
    libc: [glibc]

  '@tauri-apps/cli-linux-x64-gnu@2.11.4':
    resolution: {integrity: sha512-2VRNWl84FOH0m2giiDkO2h0QXlcMJeX+zJDpI5kDIQAx6s+geF3v48F4DXfJez4GS/FdoDGnPnw1C2iYGbQ7bQ==}
    engines: {node: '>= 10'}
    cpu: [x64]
    os: [linux]
    libc: [glibc]

  '@tauri-apps/cli-linux-x64-musl@2.11.4':
    resolution: {integrity: sha512-o9GyhYor/nc7xarmwDE3ka2szuW3uuZzXjHWh64Q8YX5AtSgxdQkFWzrY4O8KiGtVNvFBI14H3Q49Qj5TOIP/A==}
    engines: {node: '>= 10'}
    cpu: [x64]
    os: [linux]
    libc: [musl]

  '@tauri-apps/cli-win32-arm64-msvc@2.11.4':
    resolution: {integrity: sha512-ld5Ehb598m0VkYyylRPNeCFsBe/km0jxis6KgMpl3IGY6I/i1RwQXO05I1AsXUXO2WC6AvB/Lw4qTf/asiuEiQ==}
    engines: {node: '>= 10'}
    cpu: [arm64]
    os: [win32]

  '@tauri-apps/cli-win32-ia32-msvc@2.11.4':
    resolution: {integrity: sha512-12Hxi0XX/H5VFxO/bGgHkFWhml9VMgEOu9CidjeCeTNQ1l6fpUlbiGgSP7CLI3PFtW9/FfbeHieZ+kyWK5H7CA==}
    engines: {node: '>= 10'}
    cpu: [ia32]
    os: [win32]

  '@tauri-apps/cli-win32-x64-msvc@2.11.4':
    resolution: {integrity: sha512-+vDiqBIU5dMISg/wNvX3sF+ZHfgJGJ5T0AcO+EHNXV9GGAG+P5fzodlDXD3QdKCRgZxMoCm5PPvj3BqLNjBthw==}
    engines: {node: '>= 10'}
    cpu: [x64]
    os: [win32]

  '@tauri-apps/cli@2.11.4':
    resolution: {integrity: sha512-R8xGtMpwyetawSqm9kYOuMmEqkhUbvcUy8n0aNXIxollKBLESUu5f4Fx+64hgASYm1H+jSWq6jCW6zqTnH6hqQ==}
    engines: {node: '>= 10'}
    hasBin: true

  agent-base@7.1.4:
    resolution: {integrity: sha512-MnA+YT8fwfJPgBx3m60MNqakm30XOkyIoH1y6huTQvC0PwZG7ki8NacLBcrPbNoo8vEZy7Jpuk7+jMO+CUovTQ==}
    engines: {node: '>= 14'}

  asn1.js@5.4.1:
    resolution: {integrity: sha512-+I//4cYPccV8LdmBLiX8CYvf9Sp3vQsrqu2QNXRcrbiWvcx/UdlFiqUJJzxRQxgsZmvhXhn4cSKeSmoFjVdupA==}

  bn.js@4.12.5:
    resolution: {integrity: sha512-3aRg6/JxfffFD+OlOjOFR3Vo79l39ooBTFucxx+MT3dhCtzn3EmiUPQo+6/OZuI2jbXi3YKgmiTFBgChQMwIRQ==}

  buffer-equal-constant-time@1.0.1:
    resolution: {integrity: sha512-zRpUiDwd/xk6ADqPMATG8vc9VPrkck7T07OIx0gnjmJAnHnTVXNQG3vfvWNuiZIkwu9KrKdA1iJKfsfTVxE6NA==}

  debug@4.4.3:
    resolution: {integrity: sha512-RGwwWnwQvkVfavKVt22FGLw+xYSdzARwm0ru6DhTVA3umU5hZc28V3kO4stgYryrTlLpuvgI9GiijltAjNbcqA==}
    engines: {node: '>=6.0'}
    peerDependencies:
      supports-color: '*'
    peerDependenciesMeta:
      supports-color:
        optional: true

  ecdsa-sig-formatter@1.0.11:
    resolution: {integrity: sha512-nagl3RYrbNv6kQkeJIpt6NJZy8twLB/2vtz6yN9Z4vRKHN4/QZJIEbqohALSgwKdnksuY3k5Addp5lg8sVoVcQ==}

  http_ece@1.2.0:
    resolution: {integrity: sha512-JrF8SSLVmcvc5NducxgyOrKXe3EsyHMgBFgSaIUGmArKe+rwr0uphRkRXvwiom3I+fpIfoItveHrfudL8/rxuA==}
    engines: {node: '>=16'}

  https-proxy-agent@7.0.6:
    resolution: {integrity: sha512-vK9P5/iUfdl95AI+JVyUuIcVtd4ofvtrOr3HNtM2yxC9bnMbEdp3x01OhQNnjb8IJYi38VlTE3mBXwcfvywuSw==}
    engines: {node: '>= 14'}

  iceberg-js@0.8.1:
    resolution: {integrity: sha512-1dhVQZXhcHje7798IVM+xoo/1ZdVfzOMIc8/rgVSijRK38EDqOJoGula9N/8ZI5RD8QTxNQtK/Gozpr+qUqRRA==}
    engines: {node: '>=20.0.0'}

  inherits@2.0.4:
    resolution: {integrity: sha512-k/vGaX4/Yla3WzyMCvTQOXYeIHvqOKtnqBduzTHpzpQZzAskKMhZ2K+EnBiSM9zGSoIFeMpXKxa4dYeZIQqewQ==}

  jwa@2.0.1:
    resolution: {integrity: sha512-hRF04fqJIP8Abbkq5NKGN0Bbr3JxlQ+qhZufXVr0DvujKy93ZCbXZMHDL4EOtodSbCWxOqR8MS1tXA5hwqCXDg==}

  jws@4.0.1:
    resolution: {integrity: sha512-EKI/M/yqPncGUUh44xz0PxSidXFr/+r0pA70+gIYhjv+et7yxM+s29Y+VGDkovRofQem0fs7Uvf4+YmAdyRduA==}

  minimalistic-assert@1.0.1:
    resolution: {integrity: sha512-UtJcAD4yEaGtjPezWuO9wC4nwUnVH/8/Im3yEHQP4b67cXlD/Qr9hdITCU1xDbSEXg2XKNaP8jsReV7vQd00/A==}

  minimist@1.2.8:
    resolution: {integrity: sha512-2yyAR8qBkN3YuheJanUpWC5U3bb5osDywNB8RzDVlDwDHbocAJveqqj1u8+SVD7jkWT4yvsHCpWqqWqAxb0zCA==}

  ms@2.1.3:
    resolution: {integrity: sha512-6FlzubTLZG3J2a/NVCAleEhjzq5oxgHyaCU9yYXvcLsvoVaHJq/s5xXI6/XXP6tz7R9xAOtHnSO/tXtF3WRTlA==}

  rrule@2.8.1:
    resolution: {integrity: sha512-hM3dHSBMeaJ0Ktp7W38BJZ7O1zOgaFEsn41PDk+yHoEtfLV+PoJt9E9xAlZiWgf/iqEqionN0ebHFZIDAp+iGw==}

  safe-buffer@5.2.1:
    resolution: {integrity: sha512-rp3So07KcdmmKbGvgaNxQSJr7bGVSVk5S9Eq1F+ppbRo70+YeaDxkw5Dd8NPN+GD6bjnYm2VuPuCXmpuYvmCXQ==}

  safer-buffer@2.1.2:
    resolution: {integrity: sha512-YZo3K82SD7Riyi0E1EQPojLz7kpepnSQI9IyPbHHg1XXXevb5dJI7tpyN2ADxGcQbHG7vcyRHk0cbwqcQriUtg==}

  tslib@2.8.1:
    resolution: {integrity: sha512-oJFu94HQb+KVduSUQL7wnpmqnfmLsOA/nAh6b6EH0wCEoK0/mPeXU6c3wKDV83MkOuHPRHtSXKKU99IBazS/2w==}

  web-push@3.6.7:
    resolution: {integrity: sha512-OpiIUe8cuGjrj3mMBFWY+e4MMIkW3SVT+7vEIjvD9kejGUypv8GPDf84JdPWskK8zMRIJ6xYGm+Kxr8YkPyA0A==}
    engines: {node: '>= 16'}
    hasBin: true

  zod@3.25.76:
    resolution: {integrity: sha512-gzUt/qt81nXsFGKIFcC3YnfEAx5NkunCfnDlvuBSSFS02bcXu4Lmea0AFIUwbLWxWPx3d9p8S5QoaujKcNQxcQ==}

snapshots:

  '@supabase/auth-js@2.111.0':
    dependencies:
      tslib: 2.8.1

  '@supabase/functions-js@2.111.0':
    dependencies:
      tslib: 2.8.1

  '@supabase/phoenix@0.4.5': {}

  '@supabase/postgrest-js@2.111.0':
    dependencies:
      tslib: 2.8.1

  '@supabase/realtime-js@2.111.0':
    dependencies:
      '@supabase/phoenix': 0.4.5
      tslib: 2.8.1

  '@supabase/storage-js@2.111.0':
    dependencies:
      iceberg-js: 0.8.1
      tslib: 2.8.1

  '@supabase/supabase-js@2.111.0':
    dependencies:
      '@supabase/auth-js': 2.111.0
      '@supabase/functions-js': 2.111.0
      '@supabase/postgrest-js': 2.111.0
      '@supabase/realtime-js': 2.111.0
      '@supabase/storage-js': 2.111.0

  '@tauri-apps/cli-darwin-arm64@2.11.4':
    optional: true

  '@tauri-apps/cli-darwin-x64@2.11.4':
    optional: true

  '@tauri-apps/cli-linux-arm-gnueabihf@2.11.4':
    optional: true

  '@tauri-apps/cli-linux-arm64-gnu@2.11.4':
    optional: true

  '@tauri-apps/cli-linux-arm64-musl@2.11.4':
    optional: true

  '@tauri-apps/cli-linux-riscv64-gnu@2.11.4':
    optional: true

  '@tauri-apps/cli-linux-x64-gnu@2.11.4':
    optional: true

  '@tauri-apps/cli-linux-x64-musl@2.11.4':
    optional: true

  '@tauri-apps/cli-win32-arm64-msvc@2.11.4':
    optional: true

  '@tauri-apps/cli-win32-ia32-msvc@2.11.4':
    optional: true

  '@tauri-apps/cli-win32-x64-msvc@2.11.4':
    optional: true

  '@tauri-apps/cli@2.11.4':
    optionalDependencies:
      '@tauri-apps/cli-darwin-arm64': 2.11.4
      '@tauri-apps/cli-darwin-x64': 2.11.4
      '@tauri-apps/cli-linux-arm-gnueabihf': 2.11.4
      '@tauri-apps/cli-linux-arm64-gnu': 2.11.4
      '@tauri-apps/cli-linux-arm64-musl': 2.11.4
      '@tauri-apps/cli-linux-riscv64-gnu': 2.11.4
      '@tauri-apps/cli-linux-x64-gnu': 2.11.4
      '@tauri-apps/cli-linux-x64-musl': 2.11.4
      '@tauri-apps/cli-win32-arm64-msvc': 2.11.4
      '@tauri-apps/cli-win32-ia32-msvc': 2.11.4
      '@tauri-apps/cli-win32-x64-msvc': 2.11.4

  agent-base@7.1.4: {}

  asn1.js@5.4.1:
    dependencies:
      bn.js: 4.12.5
      inherits: 2.0.4
      minimalistic-assert: 1.0.1
      safer-buffer: 2.1.2

  bn.js@4.12.5: {}

  buffer-equal-constant-time@1.0.1: {}

  debug@4.4.3:
    dependencies:
      ms: 2.1.3

  ecdsa-sig-formatter@1.0.11:
    dependencies:
      safe-buffer: 5.2.1

  http_ece@1.2.0: {}

  https-proxy-agent@7.0.6:
    dependencies:
      agent-base: 7.1.4
      debug: 4.4.3
    transitivePeerDependencies:
      - supports-color

  iceberg-js@0.8.1: {}

  inherits@2.0.4: {}

  jwa@2.0.1:
    dependencies:
      buffer-equal-constant-time: 1.0.1
      ecdsa-sig-formatter: 1.0.11
      safe-buffer: 5.2.1

  jws@4.0.1:
    dependencies:
      jwa: 2.0.1
      safe-buffer: 5.2.1

  minimalistic-assert@1.0.1: {}

  minimist@1.2.8: {}

  ms@2.1.3: {}

  rrule@2.8.1:
    dependencies:
      tslib: 2.8.1

  safe-buffer@5.2.1: {}

  safer-buffer@2.1.2: {}

  tslib@2.8.1: {}

  web-push@3.6.7:
    dependencies:
      asn1.js: 5.4.1
      http_ece: 1.2.0
      https-proxy-agent: 7.0.6
      jws: 4.0.1
      minimist: 1.2.8
    transitivePeerDependencies:
      - supports-color

  zod@3.25.76: {}
